
Microsoft Visual Studio Solution File, Format Version 12.00
# Visual Studio 15
VisualStudioVersion = 15.0.27130.2010
MinimumVisualStudioVersion = 10.0.40219.1
Project("{FAE04EC0-301F-11D3-BF4B-00C04F79EFBC}") = "Client", "Client\Client.csproj", "{C2F03861-4996-4F60-8DB7-2A3B62B7994B}"
EndProject
Project("{FAE04EC0-301F-11D3-BF4B-00C04F79EFBC}") = "CreationalPatterns", "CreationalPatterns\CreationalPatterns.csproj", "{A6E54404-9665-4867-83E3-F17B32CCF2BA}"
EndProject
Global
	GlobalSection(SolutionConfigurationPlatforms) = preSolution
		Debug|Any CPU = Debug|Any CPU
		Release|Any CPU = Release|Any CPU
	EndGlobalSection
	GlobalSection(ProjectConfigurationPlatforms) = postSolution
		{C2F03861-4996-4F60-8DB7-2A3B62B7994B}.Debug|Any CPU.ActiveCfg = Debug|Any CPU
		{C2F03861-4996-4F60-8DB7-2A3B62B7994B}.Debug|Any CPU.Build.0 = Debug|Any CPU
		{C2F03861-4996-4F60-8DB7-2A3B62B7994B}.Release|Any CPU.ActiveCfg = Release|Any CPU
		{C2F03861-4996-4F60-8DB7-2A3B62B7994B}.Release|Any CPU.Build.0 = Release|Any CPU
		{A6E54404-9665-4867-83E3-F17B32CCF2BA}.Debug|Any CPU.ActiveCfg = Debug|Any CPU
		{A6E54404-9665-4867-83E3-F17B32CCF2BA}.Debug|Any CPU.Build.0 = Debug|Any CPU
		{A6E54404-9665-4867-83E3-F17B32CCF2BA}.Release|Any CPU.ActiveCfg = Release|Any CPU
		{A6E54404-9665-4867-83E3-F17B32CCF2BA}.Release|Any CPU.Build.0 = Release|Any CPU
	EndGlobalSection
	GlobalSection(SolutionProperties) = preSolution
		HideSolutionNode = FALSE
	EndGlobalSection
	GlobalSection(ExtensibilityGlobals) = postSolution
		SolutionGuid = {D14C4F0D-6FE7-4F10-9FD7-85A36E6C3635}
	EndGlobalSection
EndGlobal
